// !$*UTF8*$!
{
	archiveVersion = 1;
	classes = {
	};
	objectVersion = 50;
	objects = {

/* Begin PBXBuildFile section */
		0748DBDA5B823397BDE4EF8F /* libPods-NetworkPackge.a in Frameworks */ = {isa = PBXBuildFile; fileRef = 6E46EB936FA2EF3BBDD1BDC6 /* libPods-NetworkPackge.a */; };
		679C6EE2214F763D00138621 /* NqwlNetRequestInfo.m in Sources */ = {isa = PBXBuildFile; fileRef = 679C6EE1214F763D00138621 /* NqwlNetRequestInfo.m */; };
		679C6EE8214F8E2000138621 /* AppDelegate+NetException.m in Sources */ = {isa = PBXBuildFile; fileRef = 679C6EE4214F8E1F00138621 /* AppDelegate+NetException.m */; };
		679C6EE9214F8EF500138621 /* NqwlNetManager.m in Sources */ = {isa = PBXBuildFile; fileRef = 67F90C66214F4FC200D252C2 /* NqwlNetManager.m */; };
		679C6EEA214F8F0D00138621 /* AppDelegate+NetCache.m in Sources */ = {isa = PBXBuildFile; fileRef = 679C6EE3214F8E1F00138621 /* AppDelegate+NetCache.m */; };
		67F90C51214F4F2C00D252C2 /* AppDelegate.m in Sources */ = {isa = PBXBuildFile; fileRef = 67F90C50214F4F2C00D252C2 /* AppDelegate.m */; };
		67F90C54214F4F2C00D252C2 /* ViewController.m in Sources */ = {isa = PBXBuildFile; fileRef = 67F90C53214F4F2C00D252C2 /* ViewController.m */; };
		67F90C57214F4F2C00D252C2 /* Main.storyboard in Resources */ = {isa = PBXBuildFile; fileRef = 67F90C55214F4F2C00D252C2 /* Main.storyboard */; };
		67F90C59214F4F3000D252C2 /* Assets.xcassets in Resources */ = {isa = PBXBuildFile; fileRef = 67F90C58214F4F3000D252C2 /* Assets.xcassets */; };
		67F90C5C214F4F3000D252C2 /* LaunchScreen.storyboard in Resources */ = {isa = PBXBuildFile; fileRef = 67F90C5A214F4F3000D252C2 /* LaunchScreen.storyboard */; };
		67F90C5F214F4F3000D252C2 /* main.m in Sources */ = {isa = PBXBuildFile; fileRef = 67F90C5E214F4F3000D252C2 /* main.m */; };
		67F90C6A214F4FF900D252C2 /* NqwlMD5DataConvert.m in Sources */ = {isa = PBXBuildFile; fileRef = 67F90C69214F4FF900D252C2 /* NqwlMD5DataConvert.m */; };
		67F90C6D214F514400D252C2 /* NqwlNetLocalCache.m in Sources */ = {isa = PBXBuildFile; fileRef = 67F90C6C214F514400D252C2 /* NqwlNetLocalCache.m */; };
/* End PBXBuildFile section */

/* Begin PBXFileReference section */
		645FEB8EEF0228ABCCF0C0B3 /* Pods-NetworkPackge.release.xcconfig */ = {isa = PBXFileReference; includeInIndex = 1; lastKnownFileType = text.xcconfig; name = "Pods-NetworkPackge.release.xcconfig"; path = "Pods/Target Support Files/Pods-NetworkPackge/Pods-NetworkPackge.release.xcconfig"; sourceTree = "<group>"; };
		679C6EE0214F763D00138621 /* NqwlNetRequestInfo.h */ = {isa = PBXFileReference; lastKnownFileType = sourcecode.c.h; path = NqwlNetRequestInfo.h; sourceTree = "<group>"; };
		679C6EE1214F763D00138621 /* NqwlNetRequestInfo.m */ = {isa = PBXFileReference; lastKnownFileType = sourcecode.c.objc; path = NqwlNetRequestInfo.m; sourceTree = "<group>"; };
		679C6EE3214F8E1F00138621 /* AppDelegate+NetCache.m */ = {isa = PBXFileReference; fileEncoding = 4; lastKnownFileType = sourcecode.c.objc; path = "AppDelegate+NetCache.m"; sourceTree = "<group>"; };
		679C6EE4214F8E1F00138621 /* AppDelegate+NetException.m */ = {isa = PBXFileReference; fileEncoding = 4; lastKnownFileType = sourcecode.c.objc; path = "AppDelegate+NetException.m"; sourceTree = "<group>"; };
		679C6EE5214F8E1F00138621 /* AppDelegate+NetException.h */ = {isa = PBXFileReference; fileEncoding = 4; lastKnownFileType = sourcecode.c.h; path = "AppDelegate+NetException.h"; sourceTree = "<group>"; };
		679C6EE6214F8E2000138621 /* AppDelegate+NetCache.h */ = {isa = PBXFileReference; fileEncoding = 4; lastKnownFileType = sourcecode.c.h; path = "AppDelegate+NetCache.h"; sourceTree = "<group>"; };
		67F90C4C214F4F2C00D252C2 /* NetworkPackge.app */ = {isa = PBXFileReference; explicitFileType = wrapper.application; includeInIndex = 0; path = NetworkPackge.app; sourceTree = BUILT_PRODUCTS_DIR; };
		67F90C4F214F4F2C00D252C2 /* AppDelegate.h */ = {isa = PBXFileReference; lastKnownFileType = sourcecode.c.h; path = AppDelegate.h; sourceTree = "<group>"; };
		67F90C50214F4F2C00D252C2 /* AppDelegate.m */ = {isa = PBXFileReference; lastKnownFileType = sourcecode.c.objc; path = AppDelegate.m; sourceTree = "<group>"; };
		67F90C52214F4F2C00D252C2 /* ViewController.h */ = {isa = PBXFileReference; lastKnownFileType = sourcecode.c.h; path = ViewController.h; sourceTree = "<group>"; };
		67F90C53214F4F2C00D252C2 /* ViewController.m */ = {isa = PBXFileReference; lastKnownFileType = sourcecode.c.objc; path = ViewController.m; sourceTree = "<group>"; };
		67F90C56214F4F2C00D252C2 /* Base */ = {isa = PBXFileReference; lastKnownFileType = file.storyboard; name = Base; path = Base.lproj/Main.storyboard; sourceTree = "<group>"; };
		67F90C58214F4F3000D252C2 /* Assets.xcassets */ = {isa = PBXFileReference; lastKnownFileType = folder.assetcatalog; path = Assets.xcassets; sourceTree = "<group>"; };
		67F90C5B214F4F3000D252C2 /* Base */ = {isa = PBXFileReference; lastKnownFileType = file.storyboard; name = Base; path = Base.lproj/LaunchScreen.storyboard; sourceTree = "<group>"; };
		67F90C5D214F4F3000D252C2 /* Info.plist */ = {isa = PBXFileReference; lastKnownFileType = text.plist.xml; path = Info.plist; sourceTree = "<group>"; };
		67F90C5E214F4F3000D252C2 /* main.m */ = {isa = PBXFileReference; lastKnownFileType = sourcecode.c.objc; path = main.m; sourceTree = "<group>"; };
		67F90C65214F4FC200D252C2 /* NqwlNetManager.h */ = {isa = PBXFileReference; lastKnownFileType = sourcecode.c.h; path = NqwlNetManager.h; sourceTree = "<group>"; };
		67F90C66214F4FC200D252C2 /* NqwlNetManager.m */ = {isa = PBXFileReference; lastKnownFileType = sourcecode.c.objc; path = NqwlNetManager.m; sourceTree = "<group>"; };
		67F90C68214F4FF900D252C2 /* NqwlMD5DataConvert.h */ = {isa = PBXFileReference; fileEncoding = 4; lastKnownFileType = sourcecode.c.h; path = NqwlMD5DataConvert.h; sourceTree = "<group>"; };
		67F90C69214F4FF900D252C2 /* NqwlMD5DataConvert.m */ = {isa = PBXFileReference; fileEncoding = 4; lastKnownFileType = sourcecode.c.objc; path = NqwlMD5DataConvert.m; sourceTree = "<group>"; };
		67F90C6B214F514300D252C2 /* NqwlNetLocalCache.h */ = {isa = PBXFileReference; lastKnownFileType = sourcecode.c.h; path = NqwlNetLocalCache.h; sourceTree = "<group>"; };
		67F90C6C214F514400D252C2 /* NqwlNetLocalCache.m */ = {isa = PBXFileReference; lastKnownFileType = sourcecode.c.objc; path = NqwlNetLocalCache.m; sourceTree = "<group>"; };
		6CAF02B1E9E537750ADBDC7C /* Pods-NetworkPackge.debug.xcconfig */ = {isa = PBXFileReference; includeInIndex = 1; lastKnownFileType = text.xcconfig; name = "Pods-NetworkPackge.debug.xcconfig"; path = "Pods/Target Support Files/Pods-NetworkPackge/Pods-NetworkPackge.debug.xcconfig"; sourceTree = "<group>"; };
		6E46EB936FA2EF3BBDD1BDC6 /* libPods-NetworkPackge.a */ = {isa = PBXFileReference; explicitFileType = archive.ar; includeInIndex = 0; path = "libPods-NetworkPackge.a"; sourceTree = BUILT_PRODUCTS_DIR; };
/* End PBXFileReference section */

/* Begin PBXFrameworksBuildPhase section */
		67F90C49214F4F2C00D252C2 /* Frameworks */ = {
			isa = PBXFrameworksBuildPhase;
			buildActionMask = 2147483647;
			files = (
				0748DBDA5B823397BDE4EF8F /* libPods-NetworkPackge.a in Frameworks */,
			);
			runOnlyForDeploymentPostprocessing = 0;
		};
/* End PBXFrameworksBuildPhase section */

/* Begin PBXGroup section */
		12200E997A14B1D16E42438E /* Frameworks */ = {
			isa = PBXGroup;
			children = (
				6E46EB936FA2EF3BBDD1BDC6 /* libPods-NetworkPackge.a */,
			);
			name = Frameworks;
			sourceTree = "<group>";
		};
		4C1E7C66291D2D9437371ABA /* Pods */ = {
			isa = PBXGroup;
			children = (
				6CAF02B1E9E537750ADBDC7C /* Pods-NetworkPackge.debug.xcconfig */,
				645FEB8EEF0228ABCCF0C0B3 /* Pods-NetworkPackge.release.xcconfig */,
			);
			name = Pods;
			sourceTree = "<group>";
		};
		67F90C43214F4F2C00D252C2 = {
			isa = PBXGroup;
			children = (
				67F90C4E214F4F2C00D252C2 /* NetworkPackge */,
				67F90C4D214F4F2C00D252C2 /* Products */,
				4C1E7C66291D2D9437371ABA /* Pods */,
				12200E997A14B1D16E42438E /* Frameworks */,
			);
			sourceTree = "<group>";
		};
		67F90C4D214F4F2C00D252C2 /* Products */ = {
			isa = PBXGroup;
			children = (
				67F90C4C214F4F2C00D252C2 /* NetworkPackge.app */,
			);
			name = Products;
			sourceTree = "<group>";
		};
		67F90C4E214F4F2C00D252C2 /* NetworkPackge */ = {
			isa = PBXGroup;
			children = (
				679C6EE6214F8E2000138621 /* AppDelegate+NetCache.h */,
				679C6EE3214F8E1F00138621 /* AppDelegate+NetCache.m */,
				679C6EE5214F8E1F00138621 /* AppDelegate+NetException.h */,
				679C6EE4214F8E1F00138621 /* AppDelegate+NetException.m */,
				67F90C4F214F4F2C00D252C2 /* AppDelegate.h */,
				67F90C50214F4F2C00D252C2 /* AppDelegate.m */,
				67F90C68214F4FF900D252C2 /* NqwlMD5DataConvert.h */,
				67F90C69214F4FF900D252C2 /* NqwlMD5DataConvert.m */,
				67F90C65214F4FC200D252C2 /* NqwlNetManager.h */,
				67F90C66214F4FC200D252C2 /* NqwlNetManager.m */,
				67F90C6B214F514300D252C2 /* NqwlNetLocalCache.h */,
				67F90C6C214F514400D252C2 /* NqwlNetLocalCache.m */,
				679C6EE0214F763D00138621 /* NqwlNetRequestInfo.h */,
				679C6EE1214F763D00138621 /* NqwlNetRequestInfo.m */,
				67F90C52214F4F2C00D252C2 /* ViewController.h */,
				67F90C53214F4F2C00D252C2 /* ViewController.m */,
				67F90C55214F4F2C00D252C2 /* Main.storyboard */,
				67F90C58214F4F3000D252C2 /* Assets.xcassets */,
				67F90C5A214F4F3000D252C2 /* LaunchScreen.storyboard */,
				67F90C5D214F4F3000D252C2 /* Info.plist */,
				67F90C5E214F4F3000D252C2 /* main.m */,
			);
			path = NetworkPackge;
			sourceTree = "<group>";
		};
/* End PBXGroup section */

/* Begin PBXNativeTarget section */
		67F90C4B214F4F2C00D252C2 /* NetworkPackge */ = {
			isa = PBXNativeTarget;
			buildConfigurationList = 67F90C62214F4F3000D252C2 /* Build configuration list for PBXNativeTarget "NetworkPackge" */;
			buildPhases = (
				0E6F5D5F8094AA1A84E932D2 /* [CP] Check Pods Manifest.lock */,
				67F90C48214F4F2C00D252C2 /* Sources */,
				67F90C49214F4F2C00D252C2 /* Frameworks */,
				67F90C4A214F4F2C00D252C2 /* Resources */,
			);
			buildRules = (
			);
			dependencies = (
			);
			name = NetworkPackge;
			productName = NetworkPackge;
			productReference = 67F90C4C214F4F2C00D252C2 /* NetworkPackge.app */;
			productType = "com.apple.product-type.application";
		};
/* End PBXNativeTarget section */

/* Begin PBXProject section */
		67F90C44214F4F2C00D252C2 /* Project object */ = {
			isa = PBXProject;
			attributes = {
				LastUpgradeCheck = 0940;
				ORGANIZATIONNAME = "陈辉";
				TargetAttributes = {
					67F90C4B214F4F2C00D252C2 = {
						CreatedOnToolsVersion = 9.4.1;
					};
				};
			};
			buildConfigurationList = 67F90C47214F4F2C00D252C2 /* Build configuration list for PBXProject "NetworkPackge" */;
			compatibilityVersion = "Xcode 9.3";
			developmentRegion = en;
			hasScannedForEncodings = 0;
			knownRegions = (
				en,
				Base,
			);
			mainGroup = 67F90C43214F4F2C00D252C2;
			productRefGroup = 67F90C4D214F4F2C00D252C2 /* Products */;
			projectDirPath = "";
			projectRoot = "";
			targets = (
				67F90C4B214F4F2C00D252C2 /* NetworkPackge */,
			);
		};
/* End PBXProject section */

/* Begin PBXResourcesBuildPhase section */
		67F90C4A214F4F2C00D252C2 /* Resources */ = {
			isa = PBXResourcesBuildPhase;
			buildActionMask = 2147483647;
			files = (
				67F90C5C214F4F3000D252C2 /* LaunchScreen.storyboard in Resources */,
				67F90C59214F4F3000D252C2 /* Assets.xcassets in Resources */,
				67F90C57214F4F2C00D252C2 /* Main.storyboard in Resources */,
			);
			runOnlyForDeploymentPostprocessing = 0;
		};
/* End PBXResourcesBuildPhase section */

/* Begin PBXShellScriptBuildPhase section */
		0E6F5D5F8094AA1A84E932D2 /* [CP] Check Pods Manifest.lock */ = {
			isa = PBXShellScriptBuildPhase;
			buildActionMask = 2147483647;
			files = (
			);
			inputPaths = (
				"${PODS_PODFILE_DIR_PATH}/Podfile.lock",
				"${PODS_ROOT}/Manifest.lock",
			);
			name = "[CP] Check Pods Manifest.lock";
			outputPaths = (
				"$(DERIVED_FILE_DIR)/Pods-NetworkPackge-checkManifestLockResult.txt",
			);
			runOnlyForDeploymentPostprocessing = 0;
			shellPath = /bin/sh;
			shellScript = "diff \"${PODS_PODFILE_DIR_PATH}/Podfile.lock\" \"${PODS_ROOT}/Manifest.lock\" > /dev/null\nif [ $? != 0 ] ; then\n    # print error to STDERR\n    echo \"error: The sandbox is not in sync with the Podfile.lock. Run 'pod install' or update your CocoaPods installation.\" >&2\n    exit 1\nfi\n# This output is used by Xcode 'outputs' to avoid re-running this script phase.\necho \"SUCCESS\" > \"${SCRIPT_OUTPUT_FILE_0}\"\n";
			showEnvVarsInLog = 0;
		};
/* End PBXShellScriptBuildPhase section */

/* Begin PBXSourcesBuildPhase section */
		67F90C48214F4F2C00D252C2 /* Sources */ = {
			isa = PBXSourcesBuildPhase;
			buildActionMask = 2147483647;
			files = (
				67F90C54214F4F2C00D252C2 /* ViewController.m in Sources */,
				679C6EEA214F8F0D00138621 /* AppDelegate+NetCache.m in Sources */,
				679C6EE2214F763D00138621 /* NqwlNetRequestInfo.m in Sources */,
				67F90C6A214F4FF900D252C2 /* NqwlMD5DataConvert.m in Sources */,
				679C6EE8214F8E2000138621 /* AppDelegate+NetException.m in Sources */,
				67F90C5F214F4F3000D252C2 /* main.m in Sources */,
				67F90C51214F4F2C00D252C2 /* AppDelegate.m in Sources */,
				67F90C6D214F514400D252C2 /* NqwlNetLocalCache.m in Sources */,
				679C6EE9214F8EF500138621 /* NqwlNetManager.m in Sources */,
			);
			runOnlyForDeploymentPostprocessing = 0;
		};
/* End PBXSourcesBuildPhase section */

/* Begin PBXVariantGroup section */
		67F90C55214F4F2C00D252C2 /* Main.storyboard */ = {
			isa = PBXVariantGroup;
			children = (
				67F90C56214F4F2C00D252C2 /* Base */,
			);
			name = Main.storyboard;
			sourceTree = "<group>";
		};
		67F90C5A214F4F3000D252C2 /* LaunchScreen.storyboard */ = {
			isa = PBXVariantGroup;
			children = (
				67F90C5B214F4F3000D252C2 /* Base */,
			);
			name = LaunchScreen.storyboard;
			sourceTree = "<group>";
		};
/* End PBXVariantGroup section */

/* Begin XCBuildConfiguration section */
		67F90C60214F4F3000D252C2 /* Debug */ = {
			isa = XCBuildConfiguration;
			buildSettings = {
				ALWAYS_SEARCH_USER_PATHS = NO;
				CLANG_ANALYZER_NONNULL = YES;
				CLANG_ANALYZER_NUMBER_OBJECT_CONVERSION = YES_AGGRESSIVE;
				CLANG_CXX_LANGUAGE_STANDARD = "gnu++14";
				CLANG_CXX_LIBRARY = "libc++";
				CLANG_ENABLE_MODULES = YES;
				CLANG_ENABLE_OBJC_ARC = YES;
				CLANG_ENABLE_OBJC_WEAK = YES;
				CLANG_WARN_BLOCK_CAPTURE_AUTORELEASING = YES;
				CLANG_WARN_BOOL_CONVERSION = YES;
				CLANG_WARN_COMMA = YES;
				CLANG_WARN_CONSTANT_CONVERSION = YES;
				CLANG_WARN_DEPRECATED_OBJC_IMPLEMENTATIONS = YES;
				CLANG_WARN_DIRECT_OBJC_ISA_USAGE = YES_ERROR;
				CLANG_WARN_DOCUMENTATION_COMMENTS = YES;
				CLANG_WARN_EMPTY_BODY = YES;
				CLANG_WARN_ENUM_CONVERSION = YES;
				CLANG_WARN_INFINITE_RECURSION = YES;
				CLANG_WARN_INT_CONVERSION = YES;
				CLANG_WARN_NON_LITERAL_NULL_CONVERSION = YES;
				CLANG_WARN_OBJC_IMPLICIT_RETAIN_SELF = YES;
				CLANG_WARN_OBJC_LITERAL_CONVERSION = YES;
				CLANG_WARN_OBJC_ROOT_CLASS = YES_ERROR;
				CLANG_WARN_RANGE_LOOP_ANALYSIS = YES;
				CLANG_WARN_STRICT_PROTOTYPES = YES;
				CLANG_WARN_SUSPICIOUS_MOVE = YES;
				CLANG_WARN_UNGUARDED_AVAILABILITY = YES_AGGRESSIVE;
				CLANG_WARN_UNREACHABLE_CODE = YES;
				CLANG_WARN__DUPLICATE_METHOD_MATCH = YES;
				CODE_SIGN_IDENTITY = "iPhone Developer";
				COPY_PHASE_STRIP = NO;
				DEBUG_INFORMATION_FORMAT = dwarf;
				ENABLE_STRICT_OBJC_MSGSEND = YES;
				ENABLE_TESTABILITY = YES;
				GCC_C_LANGUAGE_STANDARD = gnu11;
				GCC_DYNAMIC_NO_PIC = NO;
				GCC_NO_COMMON_BLOCKS = YES;
				GCC_OPTIMIZATION_LEVEL = 0;
				GCC_PREPROCESSOR_DEFINITIONS = (
					"DEBUG=1",
					"$(inherited)",
				);
				GCC_WARN_64_TO_32_BIT_CONVERSION = YES;
				GCC_WARN_ABOUT_RETURN_TYPE = YES_ERROR;
				GCC_WARN_UNDECLARED_SELECTOR = YES;
				GCC_WARN_UNINITIALIZED_AUTOS = YES_AGGRESSIVE;
				GCC_WARN_UNUSED_FUNCTION = YES;
				GCC_WARN_UNUSED_VARIABLE = YES;
				IPHONEOS_DEPLOYMENT_TARGET = 11.4;
				MTL_ENABLE_DEBUG_INFO = YES;
				ONLY_ACTIVE_ARCH = YES;
				SDKROOT = iphoneos;
			};
			name = Debug;
		};
		67F90C61214F4F3000D252C2 /* Release */ = {
			isa = XCBuildConfiguration;
			buildSettings = {
				ALWAYS_SEARCH_USER_PATHS = NO;
				CLANG_ANALYZER_NONNULL = YES;
				CLANG_ANALYZER_NUMBER_OBJECT_CONVERSION = YES_AGGRESSIVE;
				CLANG_CXX_LANGUAGE_STANDARD = "gnu++14";
				CLANG_CXX_LIBRARY = "libc++";
				CLANG_ENABLE_MODULES = YES;
				CLANG_ENABLE_OBJC_ARC = YES;
				CLANG_ENABLE_OBJC_WEAK = YES;
				CLANG_WARN_BLOCK_CAPTURE_AUTORELEASING = YES;
				CLANG_WARN_BOOL_CONVERSION = YES;
				CLANG_WARN_COMMA = YES;
				CLANG_WARN_CONSTANT_CONVERSION = YES;
				CLANG_WARN_DEPRECATED_OBJC_IMPLEMENTATIONS = YES;
				CLANG_WARN_DIRECT_OBJC_ISA_USAGE = YES_ERROR;
				CLANG_WARN_DOCUMENTATION_COMMENTS = YES;
				CLANG_WARN_EMPTY_BODY = YES;
				CLANG_WARN_ENUM_CONVERSION = YES;
				CLANG_WARN_INFINITE_RECURSION = YES;
				CLANG_WARN_INT_CONVERSION = YES;
				CLANG_WARN_NON_LITERAL_NULL_CONVERSION = YES;
				CLANG_WARN_OBJC_IMPLICIT_RETAIN_SELF = YES;
				CLANG_WARN_OBJC_LITERAL_CONVERSION = YES;
				CLANG_WARN_OBJC_ROOT_CLASS = YES_ERROR;
				CLANG_WARN_RANGE_LOOP_ANALYSIS = YES;
				CLANG_WARN_STRICT_PROTOTYPES = YES;
				CLANG_WARN_SUSPICIOUS_MOVE = YES;
				CLANG_WARN_UNGUARDED_AVAILABILITY = YES_AGGRESSIVE;
				CLANG_WARN_UNREACHABLE_CODE = YES;
				CLANG_WARN__DUPLICATE_METHOD_MATCH = YES;
				CODE_SIGN_IDENTITY = "iPhone Developer";
				COPY_PHASE_STRIP = NO;
				DEBUG_INFORMATION_FORMAT = "dwarf-with-dsym";
				ENABLE_NS_ASSERTIONS = NO;
				ENABLE_STRICT_OBJC_MSGSEND = YES;
				GCC_C_LANGUAGE_STANDARD = gnu11;
				GCC_NO_COMMON_BLOCKS = YES;
				GCC_WARN_64_TO_32_BIT_CONVERSION = YES;
				GCC_WARN_ABOUT_RETURN_TYPE = YES_ERROR;
				GCC_WARN_UNDECLARED_SELECTOR = YES;
				GCC_WARN_UNINITIALIZED_AUTOS = YES_AGGRESSIVE;
				GCC_WARN_UNUSED_FUNCTION = YES;
				GCC_WARN_UNUSED_VARIABLE = YES;
				IPHONEOS_DEPLOYMENT_TARGET = 11.4;
				MTL_ENABLE_DEBUG_INFO = NO;
				SDKROOT = iphoneos;
				VALIDATE_PRODUCT = YES;
			};
			name = Release;
		};
		67F90C63214F4F3000D252C2 /* Debug */ = {
			isa = XCBuildConfiguration;
			baseConfigurationReference = 6CAF02B1E9E537750ADBDC7C /* Pods-NetworkPackge.debug.xcconfig */;
			buildSettings = {
				ASSETCATALOG_COMPILER_APPICON_NAME = AppIcon;
				CLANG_WARN_OBJC_IMPLICIT_RETAIN_SELF = NO;
				CODE_SIGN_STYLE = Automatic;
				INFOPLIST_FILE = NetworkPackge/Info.plist;
				LD_RUNPATH_SEARCH_PATHS = (
					"$(inherited)",
					"@executable_path/Frameworks",
				);
				PRODUCT_BUNDLE_IDENTIFIER = com.networkpakege.NetworkPackge;
				PRODUCT_NAME = "$(TARGET_NAME)";
				TARGETED_DEVICE_FAMILY = "1,2";
			};
			name = Debug;
		};
		67F90C64214F4F3000D252C2 /* Release */ = {
			isa = XCBuildConfiguration;
			baseConfigurationReference = 645FEB8EEF0228ABCCF0C0B3 /* Pods-NetworkPackge.release.xcconfig */;
			buildSettings = {
				ASSETCATALOG_COMPILER_APPICON_NAME = AppIcon;
				CLANG_WARN_OBJC_IMPLICIT_RETAIN_SELF = NO;
				CODE_SIGN_STYLE = Automatic;
				INFOPLIST_FILE = NetworkPackge/Info.plist;
				LD_RUNPATH_SEARCH_PATHS = (
					"$(inherited)",
					"@executable_path/Frameworks",
				);
				PRODUCT_BUNDLE_IDENTIFIER = com.networkpakege.NetworkPackge;
				PRODUCT_NAME = "$(TARGET_NAME)";
				TARGETED_DEVICE_FAMILY = "1,2";
			};
			name = Release;
		};
/* End XCBuildConfiguration section */

/* Begin XCConfigurationList section */
		67F90C47214F4F2C00D252C2 /* Build configuration list for PBXProject "NetworkPackge" */ = {
			isa = XCConfigurationList;
			buildConfigurations = (
				67F90C60214F4F3000D252C2 /* Debug */,
				67F90C61214F4F3000D252C2 /* Release */,
			);
			defaultConfigurationIsVisible = 0;
			defaultConfigurationName = Release;
		};
		67F90C62214F4F3000D252C2 /* Build configuration list for PBXNativeTarget "NetworkPackge" */ = {
			isa = XCConfigurationList;
			buildConfigurations = (
				67F90C63214F4F3000D252C2 /* Debug */,
				67F90C64214F4F3000D252C2 /* Release */,
			);
			defaultConfigurationIsVisible = 0;
			defaultConfigurationName = Release;
		};
/* End XCConfigurationList section */
	};
	rootObject = 67F90C44214F4F2C00D252C2 /* Project object */;
}
